
Microsoft Visual Studio Solution File, Format Version 12.00
# Visual Studio Version 16
VisualStudioVersion = 16.0.30711.63
MinimumVisualStudioVersion = 10.0.40219.1
Project("{FAE04EC0-301F-11D3-BF4B-00C04F79EFBC}") = "TaskMaster", "TaskMaster\TaskMaster.csproj", "{4057CD84-B9CE-44E4-8B23-CD497DBEFEB2}"
EndProject
Global
	GlobalSection(SolutionConfigurationPlatforms) = preSolution
		Debug|Any CPU = Debug|Any CPU
		Release|Any CPU = Release|Any CPU
	EndGlobalSection
	GlobalSection(ProjectConfigurationPlatforms) = postSolution
		{4057CD84-B9CE-44E4-8B23-CD497DBEFEB2}.Debug|Any CPU.ActiveCfg = Debug|Any CPU
		{4057CD84-B9CE-44E4-8B23-CD497DBEFEB2}.Debug|Any CPU.Build.0 = Debug|Any CPU
		{4057CD84-B9CE-44E4-8B23-CD497DBEFEB2}.Release|Any CPU.ActiveCfg = Release|Any CPU
		{4057CD84-B9CE-44E4-8B23-CD497DBEFEB2}.Release|Any CPU.Build.0 = Release|Any CPU
	EndGlobalSection
	GlobalSection(SolutionProperties) = preSolution
		HideSolutionNode = FALSE
	EndGlobalSection
	GlobalSection(ExtensibilityGlobals) = postSolution
		SolutionGuid = {12DE702E-A959-4D52-A6D8-CBA7C99D5F40}
	EndGlobalSection
EndGlobal
